
Microsoft Visual Studio Solution File, Format Version 12.00
# Visual Studio Version 16
VisualStudioVersion = 16.0.31019.35
MinimumVisualStudioVersion = 10.0.40219.1
Project("{FAE04EC0-301F-11D3-BF4B-00C04F79EFBC}") = "EmployeeWageNew", "EmployeeWageNew.csproj", "{440B65D5-666C-46FE-9D08-7188C6B43031}"
EndProject
Global
	GlobalSection(SolutionConfigurationPlatforms) = preSolution
		Debug|Any CPU = Debug|Any CPU
		Release|Any CPU = Release|Any CPU
	EndGlobalSection
	GlobalSection(ProjectConfigurationPlatforms) = postSolution
		{440B65D5-666C-46FE-9D08-7188C6B43031}.Debug|Any CPU.ActiveCfg = Debug|Any CPU
		{440B65D5-666C-46FE-9D08-7188C6B43031}.Debug|Any CPU.Build.0 = Debug|Any CPU
		{440B65D5-666C-46FE-9D08-7188C6B43031}.Release|Any CPU.ActiveCfg = Release|Any CPU
		{440B65D5-666C-46FE-9D08-7188C6B43031}.Release|Any CPU.Build.0 = Release|Any CPU
	EndGlobalSection
	GlobalSection(SolutionProperties) = preSolution
		HideSolutionNode = FALSE
	EndGlobalSection
	GlobalSection(ExtensibilityGlobals) = postSolution
		SolutionGuid = {3B7639DA-C426-4D71-B644-1969EEFB61E8}
	EndGlobalSection
EndGlobal
